<?xml version="1.0" encoding="UTF-8" standalone="yes" ?>
<CodeBlocks_project_file>
	<FileVersion major="1" minor="6" />
	<Project>
		<Option title="SalariosEmpleados" />
		<Option pch_mode="2" />
		<Option compiler="gcc" />
		<Build>
			<Target title="Debug">
				<Option output="bin/Debug/SalariosEmpleados" prefix_auto="1" extension_auto="1" />
				<Option object_output="obj/Debug/" />
				<Option type="1" />
				<Option compiler="gcc" />
				<Compiler>
					<Add option="-g" />
				</Compiler>
			</Target>
			<Target title="Release">
				<Option output="bin/Release/SalariosEmpleados" prefix_auto="1" extension_auto="1" />
				<Option object_output="obj/Release/" />
				<Option type="1" />
				<Option compiler="gcc" />
				<Compiler>
					<Add option="-O2" />
				</Compiler>
				<Linker>
					<Add option="-s" />
				</Linker>
			</Target>
		</Build>
		<Compiler>
			<Add option="-Wall" />
			<Add option="-fexceptions" />
		</Compiler>
		<Unit filename="DesarrolladorJunior.cpp" />
		<Unit filename="DesarrolladorJunior.h" />
		<Unit filename="DesarrolladorSenior.cpp" />
		<Unit filename="DesarrolladorSenior.h" />
		<Unit filename="Empleado.cpp" />
		<Unit filename="Empleado.h" />
		<Unit filename="LiderTecnico.cpp" />
		<Unit filename="LiderTecnico.h" />
		<Unit filename="Nomina.cpp" />
		<Unit filename="Nomina.h" />
		<Unit filename="Tester.cpp" />
		<Unit filename="Tester.h" />
		<Unit filename="main.cpp" />
		<Extensions>
			<lib_finder disable_auto="1" />
		</Extensions>
	</Project>
</CodeBlocks_project_file>
